
Microsoft Visual Studio Solution File, Format Version 12.00
# Visual Studio Version 17
VisualStudioVersion = 17.2.32630.192
MinimumVisualStudioVersion = 10.0.40219.1
Project("{FAE04EC0-301F-11D3-BF4B-00C04F79EFBC}") = "EceShin.MVC", "EceShin.MVC\EceShin.MVC.csproj", "{0FD1E5C1-326E-4534-A474-944876B3EB90}"
EndProject
Global
	GlobalSection(SolutionConfigurationPlatforms) = preSolution
		Debug|Any CPU = Debug|Any CPU
		Release|Any CPU = Release|Any CPU
	EndGlobalSection
	GlobalSection(ProjectConfigurationPlatforms) = postSolution
		{0FD1E5C1-326E-4534-A474-944876B3EB90}.Debug|Any CPU.ActiveCfg = Debug|Any CPU
		{0FD1E5C1-326E-4534-A474-944876B3EB90}.Debug|Any CPU.Build.0 = Debug|Any CPU
		{0FD1E5C1-326E-4534-A474-944876B3EB90}.Release|Any CPU.ActiveCfg = Release|Any CPU
		{0FD1E5C1-326E-4534-A474-944876B3EB90}.Release|Any CPU.Build.0 = Release|Any CPU
	EndGlobalSection
	GlobalSection(SolutionProperties) = preSolution
		HideSolutionNode = FALSE
	EndGlobalSection
	GlobalSection(ExtensibilityGlobals) = postSolution
		SolutionGuid = {7C468D8B-2FD0-446A-9335-55D5AFBF8184}
	EndGlobalSection
EndGlobal
